// !$*UTF8*$!
{
	archiveVersion = 1;
	classes = {
	};
	objectVersion = 47;
	objects = {

/* Begin PBXBuildFile section */
		EE04FAFF1CE8CBCD005BC1B1 /* ApplicationController.swift in Sources */ = {isa = PBXBuildFile; fileRef = EE04FAFD1CE8CBCD005BC1B1 /* ApplicationController.swift */; };
		EE04FB0E1CE8CC5C005BC1B1 /* ApplicationDefaultsConfiguration.swift in Sources */ = {isa = PBXBuildFile; fileRef = EE04FB0A1CE8CC5C005BC1B1 /* ApplicationDefaultsConfiguration.swift */; };
		EE04FB0F1CE8CC5C005BC1B1 /* CoreProtocols.swift in Sources */ = {isa = PBXBuildFile; fileRef = EE04FB0B1CE8CC5C005BC1B1 /* CoreProtocols.swift */; };
		EE04FB101CE8CC5C005BC1B1 /* Extensions.swift in Sources */ = {isa = PBXBuildFile; fileRef = EE04FB0C1CE8CC5C005BC1B1 /* Extensions.swift */; };
		EE04FB111CE8CC5C005BC1B1 /* SwiftyUserDefaults.swift in Sources */ = {isa = PBXBuildFile; fileRef = EE04FB0D1CE8CC5C005BC1B1 /* SwiftyUserDefaults.swift */; };
		EE04FB301CE8CCEC005BC1B1 /* views in Resources */ = {isa = PBXBuildFile; fileRef = EE04FB2D1CE8CCEC005BC1B1 /* views */; };
		EE04FB311CE8CCEC005BC1B1 /* public in Resources */ = {isa = PBXBuildFile; fileRef = EE04FB2E1CE8CCEC005BC1B1 /* public */; };
		EE04FB551CE8CEFA005BC1B1 /* ViewProtocols.swift in Sources */ = {isa = PBXBuildFile; fileRef = EE04FB541CE8CEFA005BC1B1 /* ViewProtocols.swift */; };
		EE04FB5B1CE8D9CB005BC1B1 /* SqliteConnection.swift in Sources */ = {isa = PBXBuildFile; fileRef = EE04FB591CE8D9CB005BC1B1 /* SqliteConnection.swift */; };
		EE04FB5C1CE8D9CB005BC1B1 /* database in Resources */ = {isa = PBXBuildFile; fileRef = EE04FB5A1CE8D9CB005BC1B1 /* database */; };
		EE04FB631CE8D9EA005BC1B1 /* CamembertModel.swift in Sources */ = {isa = PBXBuildFile; fileRef = EE04FB5D1CE8D9EA005BC1B1 /* CamembertModel.swift */; };
		EE04FB641CE8D9EA005BC1B1 /* Camembert.swift in Sources */ = {isa = PBXBuildFile; fileRef = EE04FB5E1CE8D9EA005BC1B1 /* Camembert.swift */; };
		EE04FB651CE8D9EA005BC1B1 /* ExtensionsClass.swift in Sources */ = {isa = PBXBuildFile; fileRef = EE04FB5F1CE8D9EA005BC1B1 /* ExtensionsClass.swift */; };
		EE04FB661CE8D9EA005BC1B1 /* CamembertMisc.m in Sources */ = {isa = PBXBuildFile; fileRef = EE04FB621CE8D9EA005BC1B1 /* CamembertMisc.m */; };
		EE04FB6A1CE8DE8E005BC1B1 /* DesignGuideTables.swift in Sources */ = {isa = PBXBuildFile; fileRef = EE04FB691CE8DE8E005BC1B1 /* DesignGuideTables.swift */; };
		EE1E7D0A1D2D91AB0039F637 /* AnyView.swift in Sources */ = {isa = PBXBuildFile; fileRef = EE1E7D091D2D91AB0039F637 /* AnyView.swift */; };
		EE1E7D0C1D2D92550039F637 /* AnyPresenter.swift in Sources */ = {isa = PBXBuildFile; fileRef = EE1E7D0B1D2D92550039F637 /* AnyPresenter.swift */; };
		EE1E7D111D2D94840039F637 /* DesignManagerPresenter.swift in Sources */ = {isa = PBXBuildFile; fileRef = EE1E7D0E1D2D94840039F637 /* DesignManagerPresenter.swift */; };
		EE27BEA51D2ACDB300F9A6D8 /* SwiftEventBus.swift in Sources */ = {isa = PBXBuildFile; fileRef = EE27BEA41D2ACDB300F9A6D8 /* SwiftEventBus.swift */; };
		EE5113EC1D877F9E00C7B995 /* DesignGuideView.swift in Sources */ = {isa = PBXBuildFile; fileRef = EE5113EB1D877F9E00C7B995 /* DesignGuideView.swift */; };
		EE5113EE1D8780C000C7B995 /* GuideViewModel.swift in Sources */ = {isa = PBXBuildFile; fileRef = EE5113ED1D8780C000C7B995 /* GuideViewModel.swift */; };
		EE5154C81D32BD1300CAB6FB /* NucleaseCollectionPresenter.swift in Sources */ = {isa = PBXBuildFile; fileRef = EE5154C71D32BD1300CAB6FB /* NucleaseCollectionPresenter.swift */; };
		EE56E7CF1CEE18CA00620520 /* DesignGuideEnvironmentService.swift in Sources */ = {isa = PBXBuildFile; fileRef = EE56E7CE1CEE18CA00620520 /* DesignGuideEnvironmentService.swift */; };
		EE56E7D51CEE497E00620520 /* CommandLineCommand.swift in Sources */ = {isa = PBXBuildFile; fileRef = EE56E7D01CEE497E00620520 /* CommandLineCommand.swift */; };
		EE56E7D61CEE497E00620520 /* GraphicalUserInterfaceCommand.swift in Sources */ = {isa = PBXBuildFile; fileRef = EE56E7D11CEE497E00620520 /* GraphicalUserInterfaceCommand.swift */; };
		EE56E7D71CEE497E00620520 /* CommandLineListCommand.swift in Sources */ = {isa = PBXBuildFile; fileRef = EE56E7D21CEE497E00620520 /* CommandLineListCommand.swift */; };
		EE56E7D91CEE497E00620520 /* DesignGuideCommand.swift in Sources */ = {isa = PBXBuildFile; fileRef = EE56E7D41CEE497E00620520 /* DesignGuideCommand.swift */; };
		EE56E7E11CEE49A400620520 /* ModelProtocols.swift in Sources */ = {isa = PBXBuildFile; fileRef = EE56E7DD1CEE49A400620520 /* ModelProtocols.swift */; };
		EE56E7E31CEE49DB00620520 /* Command.swift in Sources */ = {isa = PBXBuildFile; fileRef = EE56E7E21CEE49DB00620520 /* Command.swift */; };
		EE89886C1D2FA66E00124B64 /* SourceViewModel.swift in Sources */ = {isa = PBXBuildFile; fileRef = EE89886B1D2FA66E00124B64 /* SourceViewModel.swift */; };
		EE8988701D2FA76B00124B64 /* TargetViewModel.swift in Sources */ = {isa = PBXBuildFile; fileRef = EE89886F1D2FA76B00124B64 /* TargetViewModel.swift */; };
		EE9439981CEC4D320085E864 /* NucleasesCollectionCLIView.swift in Sources */ = {isa = PBXBuildFile; fileRef = EE9439971CEC4D320085E864 /* NucleasesCollectionCLIView.swift */; };
		EE95E72F1D2D95A10096A2CB /* NucleaseViewModel.swift in Sources */ = {isa = PBXBuildFile; fileRef = EE95E72E1D2D95A10096A2CB /* NucleaseViewModel.swift */; };
		EE95E7331D2D95DA0096A2CB /* PamVievModel.swift in Sources */ = {isa = PBXBuildFile; fileRef = EE95E7321D2D95DA0096A2CB /* PamVievModel.swift */; };
		EEA0A69F1D2D975200A8123C /* PresenterProtocols.swift in Sources */ = {isa = PBXBuildFile; fileRef = EEA0A69E1D2D975200A8123C /* PresenterProtocols.swift */; };
		EEAA3D0A1CEA54A00095FE06 /* AnyRepository.swift in Sources */ = {isa = PBXBuildFile; fileRef = EEAA3D091CEA54A00095FE06 /* AnyRepository.swift */; };
		EEAA3D0C1CEA550D0095FE06 /* DataAccessProtocols.swift in Sources */ = {isa = PBXBuildFile; fileRef = EEAA3D0B1CEA550D0095FE06 /* DataAccessProtocols.swift */; };
		EEAC63791C9AFF4D00164943 /* main.swift in Sources */ = {isa = PBXBuildFile; fileRef = EEAC63771C9AFF4100164943 /* main.swift */; };
		EEF43B951D26996100FFCB1F /* SwiftCLI.framework in Frameworks */ = {isa = PBXBuildFile; fileRef = EEF43B921D26992A00FFCB1F /* SwiftCLI.framework */; };
		EEF43B961D26996100FFCB1F /* SwiftCLI.framework in Embed Frameworks */ = {isa = PBXBuildFile; fileRef = EEF43B921D26992A00FFCB1F /* SwiftCLI.framework */; settings = {ATTRIBUTES = (CodeSignOnCopy, RemoveHeadersOnCopy, ); }; };
		EEF43B9A1D26996600FFCB1F /* BioSwift.framework in Frameworks */ = {isa = PBXBuildFile; fileRef = EEF43B891D26992500FFCB1F /* BioSwift.framework */; };
		EEF43B9B1D26996600FFCB1F /* BioSwift.framework in Embed Frameworks */ = {isa = PBXBuildFile; fileRef = EEF43B891D26992500FFCB1F /* BioSwift.framework */; settings = {ATTRIBUTES = (CodeSignOnCopy, RemoveHeadersOnCopy, ); }; };
		EEFD834C1CA4A0D400B7B540 /* libsqlite3.0.tbd in Frameworks */ = {isa = PBXBuildFile; fileRef = EEFD834B1CA4A0D400B7B540 /* libsqlite3.0.tbd */; };
/* End PBXBuildFile section */

/* Begin PBXContainerItemProxy section */
		EEF43B881D26992500FFCB1F /* PBXContainerItemProxy */ = {
			isa = PBXContainerItemProxy;
			containerPortal = EEF43B831D26992500FFCB1F /* BioSwift.xcodeproj */;
			proxyType = 2;
			remoteGlobalIDString = EE31965F1CC288650038756C;
			remoteInfo = BioSwift;
		};
		EEF43B8A1D26992500FFCB1F /* PBXContainerItemProxy */ = {
			isa = PBXContainerItemProxy;
			containerPortal = EEF43B831D26992500FFCB1F /* BioSwift.xcodeproj */;
			proxyType = 2;
			remoteGlobalIDString = EE3196691CC288650038756C;
			remoteInfo = BioSwiftTests;
		};
		EEF43B911D26992A00FFCB1F /* PBXContainerItemProxy */ = {
			isa = PBXContainerItemProxy;
			containerPortal = EEF43B8C1D26992A00FFCB1F /* SwiftCLI.xcodeproj */;
			proxyType = 2;
			remoteGlobalIDString = EFBFD6C61C3251E10068CB26;
			remoteInfo = SwiftCLI;
		};
		EEF43B931D26992A00FFCB1F /* PBXContainerItemProxy */ = {
			isa = PBXContainerItemProxy;
			containerPortal = EEF43B8C1D26992A00FFCB1F /* SwiftCLI.xcodeproj */;
			proxyType = 2;
			remoteGlobalIDString = EFBFD6D01C3251E10068CB26;
			remoteInfo = SwiftCLITests;
		};
		EEF43B971D26996100FFCB1F /* PBXContainerItemProxy */ = {
			isa = PBXContainerItemProxy;
			containerPortal = EEF43B8C1D26992A00FFCB1F /* SwiftCLI.xcodeproj */;
			proxyType = 1;
			remoteGlobalIDString = EFBFD6C51C3251E10068CB26;
			remoteInfo = SwiftCLI;
		};
		EEF43B9C1D26996600FFCB1F /* PBXContainerItemProxy */ = {
			isa = PBXContainerItemProxy;
			containerPortal = EEF43B831D26992500FFCB1F /* BioSwift.xcodeproj */;
			proxyType = 1;
			remoteGlobalIDString = EE31965E1CC288650038756C;
			remoteInfo = BioSwift;
		};
/* End PBXContainerItemProxy section */

/* Begin PBXCopyFilesBuildPhase section */
		EEF43B991D26996100FFCB1F /* Embed Frameworks */ = {
			isa = PBXCopyFilesBuildPhase;
			buildActionMask = 2147483647;
			dstPath = "";
			dstSubfolderSpec = 10;
			files = (
				EEF43B961D26996100FFCB1F /* SwiftCLI.framework in Embed Frameworks */,
				EEF43B9B1D26996600FFCB1F /* BioSwift.framework in Embed Frameworks */,
			);
			name = "Embed Frameworks";
			runOnlyForDeploymentPostprocessing = 0;
		};
/* End PBXCopyFilesBuildPhase section */

/* Begin PBXFileReference section */
		EE04FAFD1CE8CBCD005BC1B1 /* ApplicationController.swift */ = {isa = PBXFileReference; fileEncoding = 4; lastKnownFileType = sourcecode.swift; name = ApplicationController.swift; path = App/ApplicationController.swift; sourceTree = "<group>"; };
		EE04FAFE1CE8CBCD005BC1B1 /* Info.plist */ = {isa = PBXFileReference; fileEncoding = 4; lastKnownFileType = text.plist.xml; name = Info.plist; path = App/Info.plist; sourceTree = "<group>"; };
		EE04FB0A1CE8CC5C005BC1B1 /* ApplicationDefaultsConfiguration.swift */ = {isa = PBXFileReference; fileEncoding = 4; lastKnownFileType = sourcecode.swift; name = ApplicationDefaultsConfiguration.swift; path = App/Core/ApplicationDefaultsConfiguration.swift; sourceTree = "<group>"; };
		EE04FB0B1CE8CC5C005BC1B1 /* CoreProtocols.swift */ = {isa = PBXFileReference; fileEncoding = 4; lastKnownFileType = sourcecode.swift; name = CoreProtocols.swift; path = App/Core/CoreProtocols.swift; sourceTree = "<group>"; };
		EE04FB0C1CE8CC5C005BC1B1 /* Extensions.swift */ = {isa = PBXFileReference; fileEncoding = 4; lastKnownFileType = sourcecode.swift; name = Extensions.swift; path = App/Core/Extensions.swift; sourceTree = "<group>"; };
		EE04FB0D1CE8CC5C005BC1B1 /* SwiftyUserDefaults.swift */ = {isa = PBXFileReference; fileEncoding = 4; lastKnownFileType = sourcecode.swift; name = SwiftyUserDefaults.swift; path = App/Core/SwiftyUserDefaults.swift; sourceTree = "<group>"; };
		EE04FB2C1CE8CCEC005BC1B1 /* WebAppView.swift */ = {isa = PBXFileReference; fileEncoding = 4; lastKnownFileType = sourcecode.swift; name = WebAppView.swift; path = App/View/WebAppView/WebAppView.swift; sourceTree = "<group>"; };
		EE04FB2D1CE8CCEC005BC1B1 /* views */ = {isa = PBXFileReference; lastKnownFileType = folder; name = views; path = App/View/WebAppView/views; sourceTree = "<group>"; };
		EE04FB2E1CE8CCEC005BC1B1 /* public */ = {isa = PBXFileReference; lastKnownFileType = folder; name = public; path = App/View/WebAppView/public; sourceTree = "<group>"; };
		EE04FB541CE8CEFA005BC1B1 /* ViewProtocols.swift */ = {isa = PBXFileReference; fileEncoding = 4; lastKnownFileType = sourcecode.swift; name = ViewProtocols.swift; path = App/View/ViewProtocols.swift; sourceTree = "<group>"; };
		EE04FB591CE8D9CB005BC1B1 /* SqliteConnection.swift */ = {isa = PBXFileReference; fileEncoding = 4; lastKnownFileType = sourcecode.swift; name = SqliteConnection.swift; path = App/DataAccess/SQLite/SqliteConnection.swift; sourceTree = "<group>"; };
		EE04FB5A1CE8D9CB005BC1B1 /* database */ = {isa = PBXFileReference; lastKnownFileType = folder; name = database; path = App/DataAccess/SQLite/database; sourceTree = "<group>"; };
		EE04FB5D1CE8D9EA005BC1B1 /* CamembertModel.swift */ = {isa = PBXFileReference; fileEncoding = 4; lastKnownFileType = sourcecode.swift; name = CamembertModel.swift; path = App/DataAccess/SQLite/Camembert/CamembertModel.swift; sourceTree = "<group>"; };
		EE04FB5E1CE8D9EA005BC1B1 /* Camembert.swift */ = {isa = PBXFileReference; fileEncoding = 4; lastKnownFileType = sourcecode.swift; name = Camembert.swift; path = App/DataAccess/SQLite/Camembert/Camembert.swift; sourceTree = "<group>"; };
		EE04FB5F1CE8D9EA005BC1B1 /* ExtensionsClass.swift */ = {isa = PBXFileReference; fileEncoding = 4; lastKnownFileType = sourcecode.swift; name = ExtensionsClass.swift; path = App/DataAccess/SQLite/Camembert/ExtensionsClass.swift; sourceTree = "<group>"; };
		EE04FB601CE8D9EA005BC1B1 /* DesignGuide-Bridging-Header.h */ = {isa = PBXFileReference; fileEncoding = 4; lastKnownFileType = sourcecode.c.h; name = "DesignGuide-Bridging-Header.h"; path = "App/DataAccess/SQLite/Camembert/DesignGuide-Bridging-Header.h"; sourceTree = "<group>"; };
		EE04FB611CE8D9EA005BC1B1 /* Camembert.h */ = {isa = PBXFileReference; fileEncoding = 4; lastKnownFileType = sourcecode.c.h; name = Camembert.h; path = App/DataAccess/SQLite/Camembert/Camembert.h; sourceTree = "<group>"; };
		EE04FB621CE8D9EA005BC1B1 /* CamembertMisc.m */ = {isa = PBXFileReference; fileEncoding = 4; lastKnownFileType = sourcecode.c.objc; name = CamembertMisc.m; path = App/DataAccess/SQLite/Camembert/CamembertMisc.m; sourceTree = "<group>"; };
		EE04FB691CE8DE8E005BC1B1 /* DesignGuideTables.swift */ = {isa = PBXFileReference; fileEncoding = 4; lastKnownFileType = sourcecode.swift; name = DesignGuideTables.swift; path = App/DataAccess/SQLite/DesignGuideTables.swift; sourceTree = "<group>"; };
		EE1699691D2E18F300F4E6B3 /* MVP-VM.playground */ = {isa = PBXFileReference; lastKnownFileType = file.playground; name = "MVP-VM.playground"; path = "PlayGrounds/MVP-VM.playground"; sourceTree = "<group>"; };
		EE1E7D091D2D91AB0039F637 /* AnyView.swift */ = {isa = PBXFileReference; fileEncoding = 4; lastKnownFileType = sourcecode.swift; name = AnyView.swift; path = App/View/AnyView.swift; sourceTree = "<group>"; };
		EE1E7D0B1D2D92550039F637 /* AnyPresenter.swift */ = {isa = PBXFileReference; fileEncoding = 4; lastKnownFileType = sourcecode.swift; name = AnyPresenter.swift; path = App/Presenter/AnyPresenter.swift; sourceTree = "<group>"; };
		EE1E7D0E1D2D94840039F637 /* DesignManagerPresenter.swift */ = {isa = PBXFileReference; fileEncoding = 4; lastKnownFileType = sourcecode.swift; name = DesignManagerPresenter.swift; path = App/Presenter/DesignManagerPresenter.swift; sourceTree = "<group>"; };
		EE27BEA41D2ACDB300F9A6D8 /* SwiftEventBus.swift */ = {isa = PBXFileReference; fileEncoding = 4; lastKnownFileType = sourcecode.swift; name = SwiftEventBus.swift; path = App/Core/SwiftEventBus.swift; sourceTree = "<group>"; };
		EE5113EB1D877F9E00C7B995 /* DesignGuideView.swift */ = {isa = PBXFileReference; fileEncoding = 4; lastKnownFileType = sourcecode.swift; name = DesignGuideView.swift; path = App/View/CLIView/DesignGuideView.swift; sourceTree = "<group>"; };
		EE5113ED1D8780C000C7B995 /* GuideViewModel.swift */ = {isa = PBXFileReference; fileEncoding = 4; lastKnownFileType = sourcecode.swift; name = GuideViewModel.swift; path = App/ViewModel/GuideViewModel.swift; sourceTree = "<group>"; };
		EE5154C71D32BD1300CAB6FB /* NucleaseCollectionPresenter.swift */ = {isa = PBXFileReference; fileEncoding = 4; lastKnownFileType = sourcecode.swift; path = NucleaseCollectionPresenter.swift; sourceTree = "<group>"; };
		EE56E7CE1CEE18CA00620520 /* DesignGuideEnvironmentService.swift */ = {isa = PBXFileReference; fileEncoding = 4; lastKnownFileType = sourcecode.swift; name = DesignGuideEnvironmentService.swift; path = App/Core/DesignGuideEnvironmentService.swift; sourceTree = "<group>"; };
		EE56E7D01CEE497E00620520 /* CommandLineCommand.swift */ = {isa = PBXFileReference; fileEncoding = 4; lastKnownFileType = sourcecode.swift; name = CommandLineCommand.swift; path = App/CoreService/CommandLineCommand.swift; sourceTree = "<group>"; };
		EE56E7D11CEE497E00620520 /* GraphicalUserInterfaceCommand.swift */ = {isa = PBXFileReference; fileEncoding = 4; lastKnownFileType = sourcecode.swift; name = GraphicalUserInterfaceCommand.swift; path = App/CoreService/GraphicalUserInterfaceCommand.swift; sourceTree = "<group>"; };
		EE56E7D21CEE497E00620520 /* CommandLineListCommand.swift */ = {isa = PBXFileReference; fileEncoding = 4; lastKnownFileType = sourcecode.swift; name = CommandLineListCommand.swift; path = App/CoreService/CommandLineListCommand.swift; sourceTree = "<group>"; };
		EE56E7D31CEE497E00620520 /* WebAppCommand.swift */ = {isa = PBXFileReference; fileEncoding = 4; lastKnownFileType = sourcecode.swift; name = WebAppCommand.swift; path = App/CoreService/WebAppCommand.swift; sourceTree = "<group>"; };
		EE56E7D41CEE497E00620520 /* DesignGuideCommand.swift */ = {isa = PBXFileReference; fileEncoding = 4; lastKnownFileType = sourcecode.swift; name = DesignGuideCommand.swift; path = App/CoreService/DesignGuideCommand.swift; sourceTree = "<group>"; };
		EE56E7DD1CEE49A400620520 /* ModelProtocols.swift */ = {isa = PBXFileReference; fileEncoding = 4; lastKnownFileType = sourcecode.swift; name = ModelProtocols.swift; path = App/Model/ModelProtocols.swift; sourceTree = "<group>"; };
		EE56E7E21CEE49DB00620520 /* Command.swift */ = {isa = PBXFileReference; fileEncoding = 4; lastKnownFileType = sourcecode.swift; name = Command.swift; path = App/Core/Command.swift; sourceTree = "<group>"; };
		EE89886B1D2FA66E00124B64 /* SourceViewModel.swift */ = {isa = PBXFileReference; fileEncoding = 4; lastKnownFileType = sourcecode.swift; name = SourceViewModel.swift; path = App/ViewModel/SourceViewModel.swift; sourceTree = "<group>"; };
		EE89886F1D2FA76B00124B64 /* TargetViewModel.swift */ = {isa = PBXFileReference; fileEncoding = 4; lastKnownFileType = sourcecode.swift; name = TargetViewModel.swift; path = App/ViewModel/TargetViewModel.swift; sourceTree = "<group>"; };
		EE9439971CEC4D320085E864 /* NucleasesCollectionCLIView.swift */ = {isa = PBXFileReference; fileEncoding = 4; lastKnownFileType = sourcecode.swift; name = NucleasesCollectionCLIView.swift; path = App/View/CLIView/NucleasesCollectionCLIView.swift; sourceTree = "<group>"; };
		EE95E72E1D2D95A10096A2CB /* NucleaseViewModel.swift */ = {isa = PBXFileReference; fileEncoding = 4; lastKnownFileType = sourcecode.swift; name = NucleaseViewModel.swift; path = App/ViewModel/NucleaseViewModel.swift; sourceTree = "<group>"; };
		EE95E7321D2D95DA0096A2CB /* PamVievModel.swift */ = {isa = PBXFileReference; fileEncoding = 4; lastKnownFileType = sourcecode.swift; name = PamVievModel.swift; path = App/ViewModel/PamVievModel.swift; sourceTree = "<group>"; };
		EEA0A69E1D2D975200A8123C /* PresenterProtocols.swift */ = {isa = PBXFileReference; fileEncoding = 4; lastKnownFileType = sourcecode.swift; name = PresenterProtocols.swift; path = App/Presenter/PresenterProtocols.swift; sourceTree = "<group>"; };
		EEAA3D091CEA54A00095FE06 /* AnyRepository.swift */ = {isa = PBXFileReference; fileEncoding = 4; lastKnownFileType = sourcecode.swift; name = AnyRepository.swift; path = App/DataAccess/AnyRepository.swift; sourceTree = "<group>"; };
		EEAA3D0B1CEA550D0095FE06 /* DataAccessProtocols.swift */ = {isa = PBXFileReference; fileEncoding = 4; lastKnownFileType = sourcecode.swift; name = DataAccessProtocols.swift; path = App/DataAccess/DataAccessProtocols.swift; sourceTree = "<group>"; };
		EEAC63561C9AF9CD00164943 /* DesignGuide.app */ = {isa = PBXFileReference; explicitFileType = wrapper.application; includeInIndex = 0; path = DesignGuide.app; sourceTree = BUILT_PRODUCTS_DIR; };
		EEAC63771C9AFF4100164943 /* main.swift */ = {isa = PBXFileReference; fileEncoding = 4; lastKnownFileType = sourcecode.swift; path = main.swift; sourceTree = "<group>"; };
		EEEAAD261CEEDEDA00122BE4 /* README.md */ = {isa = PBXFileReference; fileEncoding = 4; lastKnownFileType = net.daringfireball.markdown; path = README.md; sourceTree = "<group>"; };
		EEF43B831D26992500FFCB1F /* BioSwift.xcodeproj */ = {isa = PBXFileReference; lastKnownFileType = "wrapper.pb-project"; name = BioSwift.xcodeproj; path = ../BioSwift/BioSwift.xcodeproj; sourceTree = "<group>"; };
		EEF43B8C1D26992A00FFCB1F /* SwiftCLI.xcodeproj */ = {isa = PBXFileReference; lastKnownFileType = "wrapper.pb-project"; name = SwiftCLI.xcodeproj; path = ../FrameWorks/SwiftCLI/Support/SwiftCLI.xcodeproj; sourceTree = "<group>"; };
		EEFD834B1CA4A0D400B7B540 /* libsqlite3.0.tbd */ = {isa = PBXFileReference; lastKnownFileType = "sourcecode.text-based-dylib-definition"; name = libsqlite3.0.tbd; path = usr/lib/libsqlite3.0.tbd; sourceTree = SDKROOT; };
/* End PBXFileReference section */

/* Begin PBXFrameworksBuildPhase section */
		EEAC63531C9AF9CD00164943 /* Frameworks */ = {
			isa = PBXFrameworksBuildPhase;
			buildActionMask = 2147483647;
			files = (
				EEFD834C1CA4A0D400B7B540 /* libsqlite3.0.tbd in Frameworks */,
				EEF43B9A1D26996600FFCB1F /* BioSwift.framework in Frameworks */,
				EEF43B951D26996100FFCB1F /* SwiftCLI.framework in Frameworks */,
			);
			runOnlyForDeploymentPostprocessing = 0;
		};
/* End PBXFrameworksBuildPhase section */

/* Begin PBXGroup section */
		EE04FAFC1CE8CBAC005BC1B1 /* App */ = {
			isa = PBXGroup;
			children = (
				EE04FB091CE8CC47005BC1B1 /* CoreService */,
				EE04FB051CE8CC01005BC1B1 /* DataAccess */,
				EE04FB031CE8CBEF005BC1B1 /* View */,
				EE04FB041CE8CBF5005BC1B1 /* Presenter */,
				EE04FB021CE8CBE8005BC1B1 /* ViewModel */,
				EE04FB011CE8CBE2005BC1B1 /* Core */,
				EE04FAFD1CE8CBCD005BC1B1 /* ApplicationController.swift */,
				EE04FAFE1CE8CBCD005BC1B1 /* Info.plist */,
			);
			name = App;
			sourceTree = "<group>";
		};
		EE04FB011CE8CBE2005BC1B1 /* Core */ = {
			isa = PBXGroup;
			children = (
				EE56E7E21CEE49DB00620520 /* Command.swift */,
				EE04FB0A1CE8CC5C005BC1B1 /* ApplicationDefaultsConfiguration.swift */,
				EE04FB0B1CE8CC5C005BC1B1 /* CoreProtocols.swift */,
				EE04FB0C1CE8CC5C005BC1B1 /* Extensions.swift */,
				EE04FB0D1CE8CC5C005BC1B1 /* SwiftyUserDefaults.swift */,
				EE56E7CE1CEE18CA00620520 /* DesignGuideEnvironmentService.swift */,
				EE27BEA41D2ACDB300F9A6D8 /* SwiftEventBus.swift */,
			);
			name = Core;
			sourceTree = "<group>";
		};
		EE04FB021CE8CBE8005BC1B1 /* ViewModel */ = {
			isa = PBXGroup;
			children = (
				EE95E72E1D2D95A10096A2CB /* NucleaseViewModel.swift */,
				EE95E7321D2D95DA0096A2CB /* PamVievModel.swift */,
				EE5113ED1D8780C000C7B995 /* GuideViewModel.swift */,
				EE89886F1D2FA76B00124B64 /* TargetViewModel.swift */,
				EE89886B1D2FA66E00124B64 /* SourceViewModel.swift */,
			);
			name = ViewModel;
			sourceTree = "<group>";
		};
		EE04FB031CE8CBEF005BC1B1 /* View */ = {
			isa = PBXGroup;
			children = (
				EE1E7D091D2D91AB0039F637 /* AnyView.swift */,
				EE04FB541CE8CEFA005BC1B1 /* ViewProtocols.swift */,
				EE04FB2B1CE8CCC3005BC1B1 /* WebAppView */,
				EE04FB2A1CE8CCBC005BC1B1 /* GUIView */,
				EE04FB291CE8CCB3005BC1B1 /* CLIView */,
			);
			name = View;
			sourceTree = "<group>";
		};
		EE04FB041CE8CBF5005BC1B1 /* Presenter */ = {
			isa = PBXGroup;
			children = (
				EE1E7D0E1D2D94840039F637 /* DesignManagerPresenter.swift */,
				EE5154C71D32BD1300CAB6FB /* NucleaseCollectionPresenter.swift */,
				EE1E7D0B1D2D92550039F637 /* AnyPresenter.swift */,
				EEA0A69E1D2D975200A8123C /* PresenterProtocols.swift */,
			);
			name = Presenter;
			sourceTree = "<group>";
		};
		EE04FB051CE8CC01005BC1B1 /* DataAccess */ = {
			isa = PBXGroup;
			children = (
				EE56E7DD1CEE49A400620520 /* ModelProtocols.swift */,
				EE04FB581CE8D95E005BC1B1 /* SQLite */,
				EEAA3D091CEA54A00095FE06 /* AnyRepository.swift */,
				EEAA3D0B1CEA550D0095FE06 /* DataAccessProtocols.swift */,
			);
			name = DataAccess;
			sourceTree = "<group>";
		};
		EE04FB091CE8CC47005BC1B1 /* CoreService */ = {
			isa = PBXGroup;
			children = (
				EE56E7D01CEE497E00620520 /* CommandLineCommand.swift */,
				EE56E7D21CEE497E00620520 /* CommandLineListCommand.swift */,
				EE56E7D11CEE497E00620520 /* GraphicalUserInterfaceCommand.swift */,
				EE56E7D31CEE497E00620520 /* WebAppCommand.swift */,
				EE56E7D41CEE497E00620520 /* DesignGuideCommand.swift */,
			);
			name = CoreService;
			sourceTree = "<group>";
		};
		EE04FB1C1CE8CC7E005BC1B1 /* Camembert */ = {
			isa = PBXGroup;
			children = (
				EE04FB5D1CE8D9EA005BC1B1 /* CamembertModel.swift */,
				EE04FB5E1CE8D9EA005BC1B1 /* Camembert.swift */,
				EE04FB5F1CE8D9EA005BC1B1 /* ExtensionsClass.swift */,
				EE04FB601CE8D9EA005BC1B1 /* DesignGuide-Bridging-Header.h */,
				EE04FB611CE8D9EA005BC1B1 /* Camembert.h */,
				EE04FB621CE8D9EA005BC1B1 /* CamembertMisc.m */,
			);
			name = Camembert;
			sourceTree = "<group>";
		};
		EE04FB291CE8CCB3005BC1B1 /* CLIView */ = {
			isa = PBXGroup;
			children = (
				EE5113EB1D877F9E00C7B995 /* DesignGuideView.swift */,
				EE9439971CEC4D320085E864 /* NucleasesCollectionCLIView.swift */,
			);
			name = CLIView;
			sourceTree = "<group>";
		};
		EE04FB2A1CE8CCBC005BC1B1 /* GUIView */ = {
			isa = PBXGroup;
			children = (
			);
			name = GUIView;
			sourceTree = "<group>";
		};
		EE04FB2B1CE8CCC3005BC1B1 /* WebAppView */ = {
			isa = PBXGroup;
			children = (
				EE04FB2C1CE8CCEC005BC1B1 /* WebAppView.swift */,
				EE04FB2D1CE8CCEC005BC1B1 /* views */,
				EE04FB2E1CE8CCEC005BC1B1 /* public */,
			);
			name = WebAppView;
			sourceTree = "<group>";
		};
		EE04FB581CE8D95E005BC1B1 /* SQLite */ = {
			isa = PBXGroup;
			children = (
				EE04FB591CE8D9CB005BC1B1 /* SqliteConnection.swift */,
				EE04FB691CE8DE8E005BC1B1 /* DesignGuideTables.swift */,
				EE04FB1C1CE8CC7E005BC1B1 /* Camembert */,
				EE04FB5A1CE8D9CB005BC1B1 /* database */,
			);
			name = SQLite;
			sourceTree = "<group>";
		};
		EE1197571C9B04E7000065C5 /* Frameworks */ = {
			isa = PBXGroup;
			children = (
				EEF43B8C1D26992A00FFCB1F /* SwiftCLI.xcodeproj */,
				EEF43B831D26992500FFCB1F /* BioSwift.xcodeproj */,
				EEFD834B1CA4A0D400B7B540 /* libsqlite3.0.tbd */,
			);
			name = Frameworks;
			sourceTree = "<group>";
		};
		EE16996C1D2E192700F4E6B3 /* PlayGrounds */ = {
			isa = PBXGroup;
			children = (
				EE1699691D2E18F300F4E6B3 /* MVP-VM.playground */,
			);
			name = PlayGrounds;
			sourceTree = "<group>";
		};
		EEAC63471C9AF91D00164943 = {
			isa = PBXGroup;
			children = (
				EEAC63771C9AFF4100164943 /* main.swift */,
				EEEAAD261CEEDEDA00122BE4 /* README.md */,
				EE04FAFC1CE8CBAC005BC1B1 /* App */,
				EE16996C1D2E192700F4E6B3 /* PlayGrounds */,
				EEAC63571C9AF9CD00164943 /* Products */,
				EE1197571C9B04E7000065C5 /* Frameworks */,
			);
			sourceTree = "<group>";
		};
		EEAC63571C9AF9CD00164943 /* Products */ = {
			isa = PBXGroup;
			children = (
				EEAC63561C9AF9CD00164943 /* DesignGuide.app */,
			);
			name = Products;
			sourceTree = "<group>";
		};
		EEF43B841D26992500FFCB1F /* Products */ = {
			isa = PBXGroup;
			children = (
				EEF43B891D26992500FFCB1F /* BioSwift.framework */,
				EEF43B8B1D26992500FFCB1F /* BioSwiftTests.xctest */,
			);
			name = Products;
			sourceTree = "<group>";
		};
		EEF43B8D1D26992A00FFCB1F /* Products */ = {
			isa = PBXGroup;
			children = (
				EEF43B921D26992A00FFCB1F /* SwiftCLI.framework */,
				EEF43B941D26992A00FFCB1F /* SwiftCLITests.xctest */,
			);
			name = Products;
			sourceTree = "<group>";
		};
/* End PBXGroup section */

/* Begin PBXNativeTarget section */
		EEAC63551C9AF9CD00164943 /* DesignGuide */ = {
			isa = PBXNativeTarget;
			buildConfigurationList = EEAC636C1C9AF9CD00164943 /* Build configuration list for PBXNativeTarget "DesignGuide" */;
			buildPhases = (
				EEAC63521C9AF9CD00164943 /* Sources */,
				EEAC63531C9AF9CD00164943 /* Frameworks */,
				EEAC63541C9AF9CD00164943 /* Resources */,
				EE36B8A71CCAA0BD00B57835 /* ShellScript */,
				EEF43B991D26996100FFCB1F /* Embed Frameworks */,
			);
			buildRules = (
			);
			dependencies = (
				EEF43B981D26996100FFCB1F /* PBXTargetDependency */,
				EEF43B9D1D26996600FFCB1F /* PBXTargetDependency */,
			);
			name = DesignGuide;
			productName = DesignGuide;
			productReference = EEAC63561C9AF9CD00164943 /* DesignGuide.app */;
			productType = "com.apple.product-type.application";
		};
/* End PBXNativeTarget section */

/* Begin PBXProject section */
		EEAC63481C9AF91D00164943 /* Project object */ = {
			isa = PBXProject;
			attributes = {
				CLASSPREFIX = org.ilap;
				LastSwiftUpdateCheck = 0730;
				LastUpgradeCheck = 0800;
				ORGANIZATIONNAME = "Pal Dorogi";
				TargetAttributes = {
					EEAC63551C9AF9CD00164943 = {
						CreatedOnToolsVersion = 7.3;
						DevelopmentTeam = 6CU5KD6SGT;
						LastSwiftMigration = 0800;
					};
				};
			};
			buildConfigurationList = EEAC634B1C9AF91D00164943 /* Build configuration list for PBXProject "DesignGuide" */;
			compatibilityVersion = "Xcode 6.3";
			developmentRegion = English;
			hasScannedForEncodings = 0;
			knownRegions = (
				en,
				Base,
			);
			mainGroup = EEAC63471C9AF91D00164943;
			productRefGroup = EEAC63571C9AF9CD00164943 /* Products */;
			projectDirPath = "";
			projectReferences = (
				{
					ProductGroup = EEF43B841D26992500FFCB1F /* Products */;
					ProjectRef = EEF43B831D26992500FFCB1F /* BioSwift.xcodeproj */;
				},
				{
					ProductGroup = EEF43B8D1D26992A00FFCB1F /* Products */;
					ProjectRef = EEF43B8C1D26992A00FFCB1F /* SwiftCLI.xcodeproj */;
				},
			);
			projectRoot = "";
			targets = (
				EEAC63551C9AF9CD00164943 /* DesignGuide */,
			);
		};
/* End PBXProject section */

/* Begin PBXReferenceProxy section */
		EEF43B891D26992500FFCB1F /* BioSwift.framework */ = {
			isa = PBXReferenceProxy;
			fileType = wrapper.framework;
			path = BioSwift.framework;
			remoteRef = EEF43B881D26992500FFCB1F /* PBXContainerItemProxy */;
			sourceTree = BUILT_PRODUCTS_DIR;
		};
		EEF43B8B1D26992500FFCB1F /* BioSwiftTests.xctest */ = {
			isa = PBXReferenceProxy;
			fileType = wrapper.cfbundle;
			path = BioSwiftTests.xctest;
			remoteRef = EEF43B8A1D26992500FFCB1F /* PBXContainerItemProxy */;
			sourceTree = BUILT_PRODUCTS_DIR;
		};
		EEF43B921D26992A00FFCB1F /* SwiftCLI.framework */ = {
			isa = PBXReferenceProxy;
			fileType = wrapper.framework;
			path = SwiftCLI.framework;
			remoteRef = EEF43B911D26992A00FFCB1F /* PBXContainerItemProxy */;
			sourceTree = BUILT_PRODUCTS_DIR;
		};
		EEF43B941D26992A00FFCB1F /* SwiftCLITests.xctest */ = {
			isa = PBXReferenceProxy;
			fileType = wrapper.cfbundle;
			path = SwiftCLITests.xctest;
			remoteRef = EEF43B931D26992A00FFCB1F /* PBXContainerItemProxy */;
			sourceTree = BUILT_PRODUCTS_DIR;
		};
/* End PBXReferenceProxy section */

/* Begin PBXResourcesBuildPhase section */
		EEAC63541C9AF9CD00164943 /* Resources */ = {
			isa = PBXResourcesBuildPhase;
			buildActionMask = 2147483647;
			files = (
				EE04FB311CE8CCEC005BC1B1 /* public in Resources */,
				EE04FB5C1CE8D9CB005BC1B1 /* database in Resources */,
				EE04FB301CE8CCEC005BC1B1 /* views in Resources */,
			);
			runOnlyForDeploymentPostprocessing = 0;
		};
/* End PBXResourcesBuildPhase section */

/* Begin PBXShellScriptBuildPhase section */
		EE36B8A71CCAA0BD00B57835 /* ShellScript */ = {
			isa = PBXShellScriptBuildPhase;
			buildActionMask = 2147483647;
			files = (
			);
			inputPaths = (
			);
			outputPaths = (
			);
			runOnlyForDeploymentPostprocessing = 0;
			shellPath = /bin/sh;
			shellScript = "# lowercase_name=`echo $PRODUCT_NAME | tr '[A-Z]' '[a-z]'`\nnew_path=/usr/local/bin/ #$lowercase_name\n\n# if [ ! -f $new_path ]; then\nln -fs \"$BUILT_PRODUCTS_DIR/${PRODUCT_NAME}.app\" \"$new_path\"\n#;fi";
		};
/* End PBXShellScriptBuildPhase section */

/* Begin PBXSourcesBuildPhase section */
		EEAC63521C9AF9CD00164943 /* Sources */ = {
			isa = PBXSourcesBuildPhase;
			buildActionMask = 2147483647;
			files = (
				EE04FB661CE8D9EA005BC1B1 /* CamembertMisc.m in Sources */,
				EE04FAFF1CE8CBCD005BC1B1 /* ApplicationController.swift in Sources */,
				EEAA3D0C1CEA550D0095FE06 /* DataAccessProtocols.swift in Sources */,
				EE56E7D61CEE497E00620520 /* GraphicalUserInterfaceCommand.swift in Sources */,
				EE56E7D71CEE497E00620520 /* CommandLineListCommand.swift in Sources */,
				EE04FB101CE8CC5C005BC1B1 /* Extensions.swift in Sources */,
				EE56E7E11CEE49A400620520 /* ModelProtocols.swift in Sources */,
				EE04FB5B1CE8D9CB005BC1B1 /* SqliteConnection.swift in Sources */,
				EE56E7CF1CEE18CA00620520 /* DesignGuideEnvironmentService.swift in Sources */,
				EE1E7D111D2D94840039F637 /* DesignManagerPresenter.swift in Sources */,
				EE04FB0F1CE8CC5C005BC1B1 /* CoreProtocols.swift in Sources */,
				EE95E7331D2D95DA0096A2CB /* PamVievModel.swift in Sources */,
				EEAA3D0A1CEA54A00095FE06 /* AnyRepository.swift in Sources */,
				EE5113EC1D877F9E00C7B995 /* DesignGuideView.swift in Sources */,
				EE56E7E31CEE49DB00620520 /* Command.swift in Sources */,
				EE5154C81D32BD1300CAB6FB /* NucleaseCollectionPresenter.swift in Sources */,
				EE8988701D2FA76B00124B64 /* TargetViewModel.swift in Sources */,
				EE04FB551CE8CEFA005BC1B1 /* ViewProtocols.swift in Sources */,
				EE56E7D91CEE497E00620520 /* DesignGuideCommand.swift in Sources */,
				EE04FB0E1CE8CC5C005BC1B1 /* ApplicationDefaultsConfiguration.swift in Sources */,
				EE89886C1D2FA66E00124B64 /* SourceViewModel.swift in Sources */,
				EE04FB631CE8D9EA005BC1B1 /* CamembertModel.swift in Sources */,
				EE9439981CEC4D320085E864 /* NucleasesCollectionCLIView.swift in Sources */,
				EEA0A69F1D2D975200A8123C /* PresenterProtocols.swift in Sources */,
				EE04FB641CE8D9EA005BC1B1 /* Camembert.swift in Sources */,
				EE04FB651CE8D9EA005BC1B1 /* ExtensionsClass.swift in Sources */,
				EEAC63791C9AFF4D00164943 /* main.swift in Sources */,
				EE95E72F1D2D95A10096A2CB /* NucleaseViewModel.swift in Sources */,
				EE27BEA51D2ACDB300F9A6D8 /* SwiftEventBus.swift in Sources */,
				EE56E7D51CEE497E00620520 /* CommandLineCommand.swift in Sources */,
				EE5113EE1D8780C000C7B995 /* GuideViewModel.swift in Sources */,
				EE1E7D0C1D2D92550039F637 /* AnyPresenter.swift in Sources */,
				EE04FB6A1CE8DE8E005BC1B1 /* DesignGuideTables.swift in Sources */,
				EE04FB111CE8CC5C005BC1B1 /* SwiftyUserDefaults.swift in Sources */,
				EE1E7D0A1D2D91AB0039F637 /* AnyView.swift in Sources */,
			);
			runOnlyForDeploymentPostprocessing = 0;
		};
/* End PBXSourcesBuildPhase section */

/* Begin PBXTargetDependency section */
		EEF43B981D26996100FFCB1F /* PBXTargetDependency */ = {
			isa = PBXTargetDependency;
			name = SwiftCLI;
			targetProxy = EEF43B971D26996100FFCB1F /* PBXContainerItemProxy */;
		};
		EEF43B9D1D26996600FFCB1F /* PBXTargetDependency */ = {
			isa = PBXTargetDependency;
			name = BioSwift;
			targetProxy = EEF43B9C1D26996600FFCB1F /* PBXContainerItemProxy */;
		};
/* End PBXTargetDependency section */

/* Begin XCBuildConfiguration section */
		EEAC634C1C9AF91D00164943 /* Debug */ = {
			isa = XCBuildConfiguration;
			buildSettings = {
				ALWAYS_SEARCH_USER_PATHS = NO;
				CLANG_WARN_BOOL_CONVERSION = YES;
				CLANG_WARN_CONSTANT_CONVERSION = YES;
				CLANG_WARN_EMPTY_BODY = YES;
				CLANG_WARN_ENUM_CONVERSION = YES;
				CLANG_WARN_INT_CONVERSION = YES;
				CLANG_WARN_UNREACHABLE_CODE = YES;
				CLANG_WARN__DUPLICATE_METHOD_MATCH = YES;
				ENABLE_STRICT_OBJC_MSGSEND = YES;
				ENABLE_TESTABILITY = YES;
				GCC_NO_COMMON_BLOCKS = YES;
				GCC_WARN_64_TO_32_BIT_CONVERSION = YES;
				GCC_WARN_ABOUT_RETURN_TYPE = YES;
				GCC_WARN_UNDECLARED_SELECTOR = YES;
				GCC_WARN_UNINITIALIZED_AUTOS = YES;
				GCC_WARN_UNUSED_FUNCTION = YES;
				GCC_WARN_UNUSED_VARIABLE = YES;
				"INFOPLIST_FILE[sdk=*]" = "";
				MACOSX_DEPLOYMENT_TARGET = 10.9;
				ONLY_ACTIVE_ARCH = YES;
				OTHER_SWIFT_FLAGS = "-D DEBUG";
				"OTHER_SWIFT_FLAGS[arch=*]" = "-D DEBUG";
			};
			name = Debug;
		};
		EEAC634D1C9AF91D00164943 /* Release */ = {
			isa = XCBuildConfiguration;
			buildSettings = {
				ALWAYS_SEARCH_USER_PATHS = NO;
				CLANG_WARN_BOOL_CONVERSION = YES;
				CLANG_WARN_CONSTANT_CONVERSION = YES;
				CLANG_WARN_EMPTY_BODY = YES;
				CLANG_WARN_ENUM_CONVERSION = YES;
				CLANG_WARN_INT_CONVERSION = YES;
				CLANG_WARN_UNREACHABLE_CODE = YES;
				CLANG_WARN__DUPLICATE_METHOD_MATCH = YES;
				ENABLE_STRICT_OBJC_MSGSEND = YES;
				GCC_NO_COMMON_BLOCKS = YES;
				GCC_WARN_64_TO_32_BIT_CONVERSION = YES;
				GCC_WARN_ABOUT_RETURN_TYPE = YES;
				GCC_WARN_UNDECLARED_SELECTOR = YES;
				GCC_WARN_UNINITIALIZED_AUTOS = YES;
				GCC_WARN_UNUSED_FUNCTION = YES;
				GCC_WARN_UNUSED_VARIABLE = YES;
				"INFOPLIST_FILE[sdk=*]" = "";
				MACOSX_DEPLOYMENT_TARGET = 10.9;
				ONLY_ACTIVE_ARCH = NO;
				OTHER_SWIFT_FLAGS = "-D DEBUG";
			};
			name = Release;
		};
		EEAC636D1C9AF9CD00164943 /* Debug */ = {
			isa = XCBuildConfiguration;
			buildSettings = {
				ALWAYS_EMBED_SWIFT_STANDARD_LIBRARIES = YES;
				ALWAYS_SEARCH_USER_PATHS = NO;
				CLANG_ANALYZER_NONNULL = YES;
				CLANG_CXX_LANGUAGE_STANDARD = "gnu++0x";
				CLANG_CXX_LIBRARY = "libc++";
				CLANG_ENABLE_MODULES = YES;
				CLANG_ENABLE_OBJC_ARC = YES;
				CLANG_WARN_BOOL_CONVERSION = YES;
				CLANG_WARN_CONSTANT_CONVERSION = YES;
				CLANG_WARN_DIRECT_OBJC_ISA_USAGE = YES_ERROR;
				CLANG_WARN_EMPTY_BODY = YES;
				CLANG_WARN_ENUM_CONVERSION = YES;
				CLANG_WARN_INT_CONVERSION = YES;
				CLANG_WARN_OBJC_ROOT_CLASS = YES_ERROR;
				CLANG_WARN_UNREACHABLE_CODE = YES;
				CLANG_WARN__DUPLICATE_METHOD_MATCH = YES;
				CODE_SIGN_IDENTITY = "Mac Developer";
				"CODE_SIGN_IDENTITY[sdk=macosx*]" = "Mac Developer";
				COMBINE_HIDPI_IMAGES = YES;
				COPY_PHASE_STRIP = NO;
				CURRENT_PROJECT_VERSION = 1;
				DEBUG_INFORMATION_FORMAT = "dwarf-with-dsym";
				ENABLE_STRICT_OBJC_MSGSEND = YES;
				ENABLE_TESTABILITY = YES;
				FRAMEWORK_SEARCH_PATHS = (
					"$(inherited)",
					"$(PROJECT_DIR)/Utils/Frameworks",
				);
				GCC_C_LANGUAGE_STANDARD = gnu99;
				GCC_DYNAMIC_NO_PIC = NO;
				GCC_NO_COMMON_BLOCKS = YES;
				GCC_OPTIMIZATION_LEVEL = 0;
				GCC_PREPROCESSOR_DEFINITIONS = (
					"DEBUG=1",
					"$(inherited)",
				);
				GCC_WARN_64_TO_32_BIT_CONVERSION = YES;
				GCC_WARN_ABOUT_RETURN_TYPE = YES_ERROR;
				GCC_WARN_UNDECLARED_SELECTOR = YES;
				GCC_WARN_UNINITIALIZED_AUTOS = YES_AGGRESSIVE;
				GCC_WARN_UNUSED_FUNCTION = YES;
				GCC_WARN_UNUSED_VARIABLE = YES;
				INFOPLIST_FILE = "$(SRCROOT)/App/Info.plist";
				LD_RUNPATH_SEARCH_PATHS = "$(inherited) @executable_path/../Frameworks";
				"LD_RUNPATH_SEARCH_PATHS[arch=*]" = "$(inherited) /Users/ilap/Developer/Dissertation/DesignGuide/Utils/Frameworks";
				MACOSX_DEPLOYMENT_TARGET = 10.10;
				MTL_ENABLE_DEBUG_INFO = YES;
				ONLY_ACTIVE_ARCH = YES;
				OTHER_SWIFT_FLAGS = "-DDEBUG";
				PRODUCT_BUNDLE_IDENTIFIER = org.ilap.DesignGuide;
				PRODUCT_NAME = "$(TARGET_NAME)";
				PROVISIONING_PROFILE = "";
				SDKROOT = macosx;
				SWIFT_OBJC_BRIDGING_HEADER = "App/DataAccess/SQLite/Camembert/DesignGuide-Bridging-Header.h";
				SWIFT_OPTIMIZATION_LEVEL = "-Onone";
				SWIFT_VERSION = 3.0;
				USER_HEADER_SEARCH_PATHS = /usr/local/include;
				VERSIONING_SYSTEM = "apple-generic";
				VERSION_INFO_BUILDER = ilap;
			};
			name = Debug;
		};
		EEAC636E1C9AF9CD00164943 /* Release */ = {
			isa = XCBuildConfiguration;
			buildSettings = {
				ALWAYS_EMBED_SWIFT_STANDARD_LIBRARIES = YES;
				ALWAYS_SEARCH_USER_PATHS = NO;
				CLANG_ANALYZER_NONNULL = YES;
				CLANG_CXX_LANGUAGE_STANDARD = "gnu++0x";
				CLANG_CXX_LIBRARY = "libc++";
				CLANG_ENABLE_MODULES = YES;
				CLANG_ENABLE_OBJC_ARC = YES;
				CLANG_WARN_BOOL_CONVERSION = YES;
				CLANG_WARN_CONSTANT_CONVERSION = YES;
				CLANG_WARN_DIRECT_OBJC_ISA_USAGE = YES_ERROR;
				CLANG_WARN_EMPTY_BODY = YES;
				CLANG_WARN_ENUM_CONVERSION = YES;
				CLANG_WARN_INT_CONVERSION = YES;
				CLANG_WARN_OBJC_ROOT_CLASS = YES_ERROR;
				CLANG_WARN_UNREACHABLE_CODE = YES;
				CLANG_WARN__DUPLICATE_METHOD_MATCH = YES;
				CODE_SIGN_IDENTITY = "Mac Developer";
				"CODE_SIGN_IDENTITY[sdk=macosx*]" = "Mac Developer";
				COMBINE_HIDPI_IMAGES = YES;
				COPY_PHASE_STRIP = NO;
				CURRENT_PROJECT_VERSION = 1;
				DEBUG_INFORMATION_FORMAT = "dwarf-with-dsym";
				ENABLE_NS_ASSERTIONS = NO;
				ENABLE_STRICT_OBJC_MSGSEND = YES;
				FRAMEWORK_SEARCH_PATHS = (
					"$(inherited)",
					"$(PROJECT_DIR)/Utils/Frameworks",
				);
				GCC_C_LANGUAGE_STANDARD = gnu99;
				GCC_NO_COMMON_BLOCKS = YES;
				GCC_WARN_64_TO_32_BIT_CONVERSION = YES;
				GCC_WARN_ABOUT_RETURN_TYPE = YES_ERROR;
				GCC_WARN_UNDECLARED_SELECTOR = YES;
				GCC_WARN_UNINITIALIZED_AUTOS = YES_AGGRESSIVE;
				GCC_WARN_UNUSED_FUNCTION = YES;
				GCC_WARN_UNUSED_VARIABLE = YES;
				INFOPLIST_FILE = "$(SRCROOT)/App/Info.plist";
				LD_RUNPATH_SEARCH_PATHS = "$(inherited) @executable_path/../Frameworks";
				MACOSX_DEPLOYMENT_TARGET = 10.10;
				MTL_ENABLE_DEBUG_INFO = NO;
				OTHER_SWIFT_FLAGS = "";
				"OTHER_SWIFT_FLAGS[arch=*]" = "";
				PRODUCT_BUNDLE_IDENTIFIER = org.ilap.DesignGuide;
				PRODUCT_NAME = "$(TARGET_NAME)";
				PROVISIONING_PROFILE = "";
				SDKROOT = macosx;
				SWIFT_OBJC_BRIDGING_HEADER = "App/DataAccess/SQLite/Camembert/DesignGuide-Bridging-Header.h";
				SWIFT_OPTIMIZATION_LEVEL = "-Owholemodule";
				SWIFT_VERSION = 3.0;
				USER_HEADER_SEARCH_PATHS = /usr/local/include;
				VERSIONING_SYSTEM = "apple-generic";
				VERSION_INFO_BUILDER = ilap;
			};
			name = Release;
		};
/* End XCBuildConfiguration section */

/* Begin XCConfigurationList section */
		EEAC634B1C9AF91D00164943 /* Build configuration list for PBXProject "DesignGuide" */ = {
			isa = XCConfigurationList;
			buildConfigurations = (
				EEAC634C1C9AF91D00164943 /* Debug */,
				EEAC634D1C9AF91D00164943 /* Release */,
			);
			defaultConfigurationIsVisible = 0;
			defaultConfigurationName = Release;
		};
		EEAC636C1C9AF9CD00164943 /* Build configuration list for PBXNativeTarget "DesignGuide" */ = {
			isa = XCConfigurationList;
			buildConfigurations = (
				EEAC636D1C9AF9CD00164943 /* Debug */,
				EEAC636E1C9AF9CD00164943 /* Release */,
			);
			defaultConfigurationIsVisible = 0;
			defaultConfigurationName = Release;
		};
/* End XCConfigurationList section */
	};
	rootObject = EEAC63481C9AF91D00164943 /* Project object */;
}
